
Microsoft Visual Studio Solution File, Format Version 12.00
# Visual Studio Version 17
VisualStudioVersion = 17.10.34928.147
MinimumVisualStudioVersion = 10.0.40219.1
Project("{2150E333-8FDC-42A3-9474-1A3956D46DE8}") = "Services", "Services", "{DEA4B332-07D1-4EF0-AC80-9476112093B2}"
EndProject
Project("{2150E333-8FDC-42A3-9474-1A3956D46DE8}") = "Catalog", "Catalog", "{B16AE4AA-6E01-4252-8A54-DFFB4AB89730}"
EndProject
Project("{9A19103F-16F7-4668-BE54-9A1E7A4F7556}") = "MultiShop.Catalog", "Services\Catalog\MultiShop.Catalog\MultiShop.Catalog.csproj", "{0C5C9754-0C8B-4D69-BAEA-730F16260FF4}"
EndProject
Project("{2150E333-8FDC-42A3-9474-1A3956D46DE8}") = "Discount", "Discount", "{4A7D8FDD-173B-4FFD-B5F6-7972C250669E}"
EndProject
Project("{9A19103F-16F7-4668-BE54-9A1E7A4F7556}") = "MultiShop.Discount", "Services\Discount\MultiShop.Discount\MultiShop.Discount.csproj", "{AB33D8D9-EA5E-47BD-B385-3095780C9556}"
EndProject
Project("{2150E333-8FDC-42A3-9474-1A3956D46DE8}") = "Order", "Order", "{808FF3EC-EC8D-4D54-AF09-ACF73B75E683}"
EndProject
Project("{2150E333-8FDC-42A3-9474-1A3956D46DE8}") = "Core", "Core", "{CF317110-A772-416D-9B89-6A9EC7C48D69}"
EndProject
Project("{2150E333-8FDC-42A3-9474-1A3956D46DE8}") = "Infrastructure", "Infrastructure", "{B4910160-74C1-4FC7-A7E7-9F97C0CF5E7F}"
EndProject
Project("{2150E333-8FDC-42A3-9474-1A3956D46DE8}") = "Presentation", "Presentation", "{00A0AECB-FA73-4330-AF42-23B43BE74378}"
EndProject
Project("{9A19103F-16F7-4668-BE54-9A1E7A4F7556}") = "MultiShop.Order.Domain", "Services\Order\Core\MultiShop.Order.Domain\MultiShop.Order.Domain.csproj", "{2A7ECCE1-8E9A-40FB-8E5E-2CAE553537A6}"
EndProject
Project("{9A19103F-16F7-4668-BE54-9A1E7A4F7556}") = "MultiShop.Order.Persistence", "Services\Order\Infrastructure\MultiShop.Order.Persistence\MultiShop.Order.Persistence.csproj", "{66B125F2-5999-46C7-B60C-33BFF43CA1E9}"
EndProject
Project("{9A19103F-16F7-4668-BE54-9A1E7A4F7556}") = "MultiShop.Order.WebAPI", "Services\Order\Presentation\MultiShop.Order.WebAPI\MultiShop.Order.WebAPI.csproj", "{149407E3-607A-48E7-93FE-DB43C6F14B65}"
EndProject
Project("{9A19103F-16F7-4668-BE54-9A1E7A4F7556}") = "MultiShop.Order.Application", "Services\Order\Core\MultiShop.Order.Application\MultiShop.Order.Application.csproj", "{DA52EB7C-527A-4186-BAF5-18479EBE621D}"
EndProject
Project("{2150E333-8FDC-42A3-9474-1A3956D46DE8}") = "IdentityServer", "IdentityServer", "{3B8C2F79-3518-462E-9AE2-B8DAE8423AFC}"
EndProject
Project("{9A19103F-16F7-4668-BE54-9A1E7A4F7556}") = "MultiShop.IdentityServerdotnet", "IdentityServer\MultiShop.IdentityServerdotnet\MultiShop.IdentityServerdotnet.csproj", "{BBBD2195-E9A1-4ED1-A4B3-20E1B53E740E}"
EndProject
Project("{2150E333-8FDC-42A3-9474-1A3956D46DE8}") = "Requirements", "Requirements", "{71DE9DB0-D289-4772-81DE-D97662586A85}"
	ProjectSection(SolutionItems) = preProject
		IdentityServerVersionErrorSoluition.txt = IdentityServerVersionErrorSoluition.txt
		PortanierCmd.txt = PortanierCmd.txt
	EndProjectSection
EndProject
Global
	GlobalSection(SolutionConfigurationPlatforms) = preSolution
		Debug|Any CPU = Debug|Any CPU
		Release|Any CPU = Release|Any CPU
	EndGlobalSection
	GlobalSection(ProjectConfigurationPlatforms) = postSolution
		{0C5C9754-0C8B-4D69-BAEA-730F16260FF4}.Debug|Any CPU.ActiveCfg = Debug|Any CPU
		{0C5C9754-0C8B-4D69-BAEA-730F16260FF4}.Debug|Any CPU.Build.0 = Debug|Any CPU
		{0C5C9754-0C8B-4D69-BAEA-730F16260FF4}.Release|Any CPU.ActiveCfg = Release|Any CPU
		{0C5C9754-0C8B-4D69-BAEA-730F16260FF4}.Release|Any CPU.Build.0 = Release|Any CPU
		{AB33D8D9-EA5E-47BD-B385-3095780C9556}.Debug|Any CPU.ActiveCfg = Debug|Any CPU
		{AB33D8D9-EA5E-47BD-B385-3095780C9556}.Debug|Any CPU.Build.0 = Debug|Any CPU
		{AB33D8D9-EA5E-47BD-B385-3095780C9556}.Release|Any CPU.ActiveCfg = Release|Any CPU
		{AB33D8D9-EA5E-47BD-B385-3095780C9556}.Release|Any CPU.Build.0 = Release|Any CPU
		{2A7ECCE1-8E9A-40FB-8E5E-2CAE553537A6}.Debug|Any CPU.ActiveCfg = Debug|Any CPU
		{2A7ECCE1-8E9A-40FB-8E5E-2CAE553537A6}.Debug|Any CPU.Build.0 = Debug|Any CPU
		{2A7ECCE1-8E9A-40FB-8E5E-2CAE553537A6}.Release|Any CPU.ActiveCfg = Release|Any CPU
		{2A7ECCE1-8E9A-40FB-8E5E-2CAE553537A6}.Release|Any CPU.Build.0 = Release|Any CPU
		{66B125F2-5999-46C7-B60C-33BFF43CA1E9}.Debug|Any CPU.ActiveCfg = Debug|Any CPU
		{66B125F2-5999-46C7-B60C-33BFF43CA1E9}.Debug|Any CPU.Build.0 = Debug|Any CPU
		{66B125F2-5999-46C7-B60C-33BFF43CA1E9}.Release|Any CPU.ActiveCfg = Release|Any CPU
		{66B125F2-5999-46C7-B60C-33BFF43CA1E9}.Release|Any CPU.Build.0 = Release|Any CPU
		{149407E3-607A-48E7-93FE-DB43C6F14B65}.Debug|Any CPU.ActiveCfg = Debug|Any CPU
		{149407E3-607A-48E7-93FE-DB43C6F14B65}.Debug|Any CPU.Build.0 = Debug|Any CPU
		{149407E3-607A-48E7-93FE-DB43C6F14B65}.Release|Any CPU.ActiveCfg = Release|Any CPU
		{149407E3-607A-48E7-93FE-DB43C6F14B65}.Release|Any CPU.Build.0 = Release|Any CPU
		{DA52EB7C-527A-4186-BAF5-18479EBE621D}.Debug|Any CPU.ActiveCfg = Debug|Any CPU
		{DA52EB7C-527A-4186-BAF5-18479EBE621D}.Debug|Any CPU.Build.0 = Debug|Any CPU
		{DA52EB7C-527A-4186-BAF5-18479EBE621D}.Release|Any CPU.ActiveCfg = Release|Any CPU
		{DA52EB7C-527A-4186-BAF5-18479EBE621D}.Release|Any CPU.Build.0 = Release|Any CPU
		{BBBD2195-E9A1-4ED1-A4B3-20E1B53E740E}.Debug|Any CPU.ActiveCfg = Debug|Any CPU
		{BBBD2195-E9A1-4ED1-A4B3-20E1B53E740E}.Debug|Any CPU.Build.0 = Debug|Any CPU
		{BBBD2195-E9A1-4ED1-A4B3-20E1B53E740E}.Release|Any CPU.ActiveCfg = Release|Any CPU
		{BBBD2195-E9A1-4ED1-A4B3-20E1B53E740E}.Release|Any CPU.Build.0 = Release|Any CPU
	EndGlobalSection
	GlobalSection(SolutionProperties) = preSolution
		HideSolutionNode = FALSE
	EndGlobalSection
	GlobalSection(NestedProjects) = preSolution
		{B16AE4AA-6E01-4252-8A54-DFFB4AB89730} = {DEA4B332-07D1-4EF0-AC80-9476112093B2}
		{0C5C9754-0C8B-4D69-BAEA-730F16260FF4} = {B16AE4AA-6E01-4252-8A54-DFFB4AB89730}
		{4A7D8FDD-173B-4FFD-B5F6-7972C250669E} = {DEA4B332-07D1-4EF0-AC80-9476112093B2}
		{AB33D8D9-EA5E-47BD-B385-3095780C9556} = {4A7D8FDD-173B-4FFD-B5F6-7972C250669E}
		{808FF3EC-EC8D-4D54-AF09-ACF73B75E683} = {DEA4B332-07D1-4EF0-AC80-9476112093B2}
		{CF317110-A772-416D-9B89-6A9EC7C48D69} = {808FF3EC-EC8D-4D54-AF09-ACF73B75E683}
		{B4910160-74C1-4FC7-A7E7-9F97C0CF5E7F} = {808FF3EC-EC8D-4D54-AF09-ACF73B75E683}
		{00A0AECB-FA73-4330-AF42-23B43BE74378} = {808FF3EC-EC8D-4D54-AF09-ACF73B75E683}
		{2A7ECCE1-8E9A-40FB-8E5E-2CAE553537A6} = {CF317110-A772-416D-9B89-6A9EC7C48D69}
		{66B125F2-5999-46C7-B60C-33BFF43CA1E9} = {B4910160-74C1-4FC7-A7E7-9F97C0CF5E7F}
		{149407E3-607A-48E7-93FE-DB43C6F14B65} = {00A0AECB-FA73-4330-AF42-23B43BE74378}
		{DA52EB7C-527A-4186-BAF5-18479EBE621D} = {CF317110-A772-416D-9B89-6A9EC7C48D69}
		{BBBD2195-E9A1-4ED1-A4B3-20E1B53E740E} = {3B8C2F79-3518-462E-9AE2-B8DAE8423AFC}
	EndGlobalSection
	GlobalSection(ExtensibilityGlobals) = postSolution
		SolutionGuid = {2C12D12E-5B50-4DD2-A9E2-FE02F79F3AE1}
	EndGlobalSection
EndGlobal
